
Microsoft Visual Studio Solution File, Format Version 12.00
# Visual Studio Version 17
VisualStudioVersion = 17.3.32922.545
MinimumVisualStudioVersion = 10.0.40219.1
Project("{FAE04EC0-301F-11D3-BF4B-00C04F79EFBC}") = "UItestToadTrain", "UItestToadTrain\UItestToadTrain.csproj", "{F3BBCDF4-2F20-4981-8354-C74B8440D77B}"
EndProject
Global
	GlobalSection(SolutionConfigurationPlatforms) = preSolution
		Debug|Any CPU = Debug|Any CPU
		Release|Any CPU = Release|Any CPU
	EndGlobalSection
	GlobalSection(ProjectConfigurationPlatforms) = postSolution
		{F3BBCDF4-2F20-4981-8354-C74B8440D77B}.Debug|Any CPU.ActiveCfg = Debug|Any CPU
		{F3BBCDF4-2F20-4981-8354-C74B8440D77B}.Debug|Any CPU.Build.0 = Debug|Any CPU
		{F3BBCDF4-2F20-4981-8354-C74B8440D77B}.Release|Any CPU.ActiveCfg = Release|Any CPU
		{F3BBCDF4-2F20-4981-8354-C74B8440D77B}.Release|Any CPU.Build.0 = Release|Any CPU
	EndGlobalSection
	GlobalSection(SolutionProperties) = preSolution
		HideSolutionNode = FALSE
	EndGlobalSection
	GlobalSection(ExtensibilityGlobals) = postSolution
		SolutionGuid = {092E9290-50ED-48F4-9954-BA067C7794A7}
	EndGlobalSection
EndGlobal
